// !$*UTF8*$!
{
	archiveVersion = 1;
	classes = {
	};
	objectVersion = 46;
	objects = {

/* Begin PBXBuildFile section */
		71ACEAD31B05F5AE0026B2E3 /* AppDelegate.swift in Sources */ = {isa = PBXBuildFile; fileRef = 71ACEAD21B05F5AE0026B2E3 /* AppDelegate.swift */; };
		71ACEAD51B05F5AE0026B2E3 /* ViewController.swift in Sources */ = {isa = PBXBuildFile; fileRef = 71ACEAD41B05F5AE0026B2E3 /* ViewController.swift */; };
		71ACEAD81B05F5AE0026B2E3 /* Main.storyboard in Resources */ = {isa = PBXBuildFile; fileRef = 71ACEAD61B05F5AE0026B2E3 /* Main.storyboard */; };
		71ACEADA1B05F5AE0026B2E3 /* Images.xcassets in Resources */ = {isa = PBXBuildFile; fileRef = 71ACEAD91B05F5AE0026B2E3 /* Images.xcassets */; };
		71ACEADD1B05F5AE0026B2E3 /* LaunchScreen.xib in Resources */ = {isa = PBXBuildFile; fileRef = 71ACEADB1B05F5AE0026B2E3 /* LaunchScreen.xib */; };
		71ACEAE91B05F5AE0026B2E3 /* laughbombclub_iOSTests.swift in Sources */ = {isa = PBXBuildFile; fileRef = 71ACEAE81B05F5AE0026B2E3 /* laughbombclub_iOSTests.swift */; };
/* End PBXBuildFile section */

/* Begin PBXContainerItemProxy section */
		71ACEAE31B05F5AE0026B2E3 /* PBXContainerItemProxy */ = {
			isa = PBXContainerItemProxy;
			containerPortal = 71ACEAC51B05F5AE0026B2E3 /* Project object */;
			proxyType = 1;
			remoteGlobalIDString = 71ACEACC1B05F5AE0026B2E3;
			remoteInfo = "laughbombclub-iOS";
		};
/* End PBXContainerItemProxy section */

/* Begin PBXFileReference section */
		71ACEACD1B05F5AE0026B2E3 /* laughbombclub-iOS.app */ = {isa = PBXFileReference; explicitFileType = wrapper.application; includeInIndex = 0; path = "laughbombclub-iOS.app"; sourceTree = BUILT_PRODUCTS_DIR; };
		71ACEAD11B05F5AE0026B2E3 /* Info.plist */ = {isa = PBXFileReference; lastKnownFileType = text.plist.xml; path = Info.plist; sourceTree = "<group>"; };
		71ACEAD21B05F5AE0026B2E3 /* AppDelegate.swift */ = {isa = PBXFileReference; lastKnownFileType = sourcecode.swift; path = AppDelegate.swift; sourceTree = "<group>"; };
		71ACEAD41B05F5AE0026B2E3 /* ViewController.swift */ = {isa = PBXFileReference; lastKnownFileType = sourcecode.swift; path = ViewController.swift; sourceTree = "<group>"; };
		71ACEAD71B05F5AE0026B2E3 /* Base */ = {isa = PBXFileReference; lastKnownFileType = file.storyboard; name = Base; path = Base.lproj/Main.storyboard; sourceTree = "<group>"; };
		71ACEAD91B05F5AE0026B2E3 /* Images.xcassets */ = {isa = PBXFileReference; lastKnownFileType = folder.assetcatalog; path = Images.xcassets; sourceTree = "<group>"; };
		71ACEADC1B05F5AE0026B2E3 /* Base */ = {isa = PBXFileReference; lastKnownFileType = file.xib; name = Base; path = Base.lproj/LaunchScreen.xib; sourceTree = "<group>"; };
		71ACEAE21B05F5AE0026B2E3 /* laughbombclub-iOSTests.xctest */ = {isa = PBXFileReference; explicitFileType = wrapper.cfbundle; includeInIndex = 0; path = "laughbombclub-iOSTests.xctest"; sourceTree = BUILT_PRODUCTS_DIR; };
		71ACEAE71B05F5AE0026B2E3 /* Info.plist */ = {isa = PBXFileReference; lastKnownFileType = text.plist.xml; path = Info.plist; sourceTree = "<group>"; };
		71ACEAE81B05F5AE0026B2E3 /* laughbombclub_iOSTests.swift */ = {isa = PBXFileReference; lastKnownFileType = sourcecode.swift; path = laughbombclub_iOSTests.swift; sourceTree = "<group>"; };
/* End PBXFileReference section */

/* Begin PBXFrameworksBuildPhase section */
		71ACEACA1B05F5AE0026B2E3 /* Frameworks */ = {
			isa = PBXFrameworksBuildPhase;
			buildActionMask = 2147483647;
			files = (
			);
			runOnlyForDeploymentPostprocessing = 0;
		};
		71ACEADF1B05F5AE0026B2E3 /* Frameworks */ = {
			isa = PBXFrameworksBuildPhase;
			buildActionMask = 2147483647;
			files = (
			);
			runOnlyForDeploymentPostprocessing = 0;
		};
/* End PBXFrameworksBuildPhase section */

/* Begin PBXGroup section */
		71ACEAC41B05F5AE0026B2E3 = {
			isa = PBXGroup;
			children = (
				71ACEACF1B05F5AE0026B2E3 /* laughbombclub-iOS */,
				71ACEAE51B05F5AE0026B2E3 /* laughbombclub-iOSTests */,
				71ACEACE1B05F5AE0026B2E3 /* Products */,
			);
			sourceTree = "<group>";
		};
		71ACEACE1B05F5AE0026B2E3 /* Products */ = {
			isa = PBXGroup;
			children = (
				71ACEACD1B05F5AE0026B2E3 /* laughbombclub-iOS.app */,
				71ACEAE21B05F5AE0026B2E3 /* laughbombclub-iOSTests.xctest */,
			);
			name = Products;
			sourceTree = "<group>";
		};
		71ACEACF1B05F5AE0026B2E3 /* laughbombclub-iOS */ = {
			isa = PBXGroup;
			children = (
				71ACEAD21B05F5AE0026B2E3 /* AppDelegate.swift */,
				71ACEAD41B05F5AE0026B2E3 /* ViewController.swift */,
				71ACEAD61B05F5AE0026B2E3 /* Main.storyboard */,
				71ACEAD91B05F5AE0026B2E3 /* Images.xcassets */,
				71ACEADB1B05F5AE0026B2E3 /* LaunchScreen.xib */,
				71ACEAD01B05F5AE0026B2E3 /* Supporting Files */,
			);
			path = "laughbombclub-iOS";
			sourceTree = "<group>";
		};
		71ACEAD01B05F5AE0026B2E3 /* Supporting Files */ = {
			isa = PBXGroup;
			children = (
				71ACEAD11B05F5AE0026B2E3 /* Info.plist */,
			);
			name = "Supporting Files";
			sourceTree = "<group>";
		};
		71ACEAE51B05F5AE0026B2E3 /* laughbombclub-iOSTests */ = {
			isa = PBXGroup;
			children = (
				71ACEAE81B05F5AE0026B2E3 /* laughbombclub_iOSTests.swift */,
				71ACEAE61B05F5AE0026B2E3 /* Supporting Files */,
			);
			path = "laughbombclub-iOSTests";
			sourceTree = "<group>";
		};
		71ACEAE61B05F5AE0026B2E3 /* Supporting Files */ = {
			isa = PBXGroup;
			children = (
				71ACEAE71B05F5AE0026B2E3 /* Info.plist */,
			);
			name = "Supporting Files";
			sourceTree = "<group>";
		};
/* End PBXGroup section */

/* Begin PBXNativeTarget section */
		71ACEACC1B05F5AE0026B2E3 /* laughbombclub-iOS */ = {
			isa = PBXNativeTarget;
			buildConfigurationList = 71ACEAEC1B05F5AE0026B2E3 /* Build configuration list for PBXNativeTarget "laughbombclub-iOS" */;
			buildPhases = (
				71ACEAC91B05F5AE0026B2E3 /* Sources */,
				71ACEACA1B05F5AE0026B2E3 /* Frameworks */,
				71ACEACB1B05F5AE0026B2E3 /* Resources */,
			);
			buildRules = (
			);
			dependencies = (
			);
			name = "laughbombclub-iOS";
			productName = "laughbombclub-iOS";
			productReference = 71ACEACD1B05F5AE0026B2E3 /* laughbombclub-iOS.app */;
			productType = "com.apple.product-type.application";
		};
		71ACEAE11B05F5AE0026B2E3 /* laughbombclub-iOSTests */ = {
			isa = PBXNativeTarget;
			buildConfigurationList = 71ACEAEF1B05F5AE0026B2E3 /* Build configuration list for PBXNativeTarget "laughbombclub-iOSTests" */;
			buildPhases = (
				71ACEADE1B05F5AE0026B2E3 /* Sources */,
				71ACEADF1B05F5AE0026B2E3 /* Frameworks */,
				71ACEAE01B05F5AE0026B2E3 /* Resources */,
			);
			buildRules = (
			);
			dependencies = (
				71ACEAE41B05F5AE0026B2E3 /* PBXTargetDependency */,
			);
			name = "laughbombclub-iOSTests";
			productName = "laughbombclub-iOSTests";
			productReference = 71ACEAE21B05F5AE0026B2E3 /* laughbombclub-iOSTests.xctest */;
			productType = "com.apple.product-type.bundle.unit-test";
		};
/* End PBXNativeTarget section */

/* Begin PBXProject section */
		71ACEAC51B05F5AE0026B2E3 /* Project object */ = {
			isa = PBXProject;
			attributes = {
				LastUpgradeCheck = 0630;
				ORGANIZATIONNAME = SolomoSolution;
				TargetAttributes = {
					71ACEACC1B05F5AE0026B2E3 = {
						CreatedOnToolsVersion = 6.3.1;
					};
					71ACEAE11B05F5AE0026B2E3 = {
						CreatedOnToolsVersion = 6.3.1;
						TestTargetID = 71ACEACC1B05F5AE0026B2E3;
					};
				};
			};
			buildConfigurationList = 71ACEAC81B05F5AE0026B2E3 /* Build configuration list for PBXProject "laughbombclub-iOS" */;
			compatibilityVersion = "Xcode 3.2";
			developmentRegion = English;
			hasScannedForEncodings = 0;
			knownRegions = (
				en,
				Base,
			);
			mainGroup = 71ACEAC41B05F5AE0026B2E3;
			productRefGroup = 71ACEACE1B05F5AE0026B2E3 /* Products */;
			projectDirPath = "";
			projectRoot = "";
			targets = (
				71ACEACC1B05F5AE0026B2E3 /* laughbombclub-iOS */,
				71ACEAE11B05F5AE0026B2E3 /* laughbombclub-iOSTests */,
			);
		};
/* End PBXProject section */

/* Begin PBXResourcesBuildPhase section */
		71ACEACB1B05F5AE0026B2E3 /* Resources */ = {
			isa = PBXResourcesBuildPhase;
			buildActionMask = 2147483647;
			files = (
				71ACEAD81B05F5AE0026B2E3 /* Main.storyboard in Resources */,
				71ACEADD1B05F5AE0026B2E3 /* LaunchScreen.xib in Resources */,
				71ACEADA1B05F5AE0026B2E3 /* Images.xcassets in Resources */,
			);
			runOnlyForDeploymentPostprocessing = 0;
		};
		71ACEAE01B05F5AE0026B2E3 /* Resources */ = {
			isa = PBXResourcesBuildPhase;
			buildActionMask = 2147483647;
			files = (
			);
			runOnlyForDeploymentPostprocessing = 0;
		};
/* End PBXResourcesBuildPhase section */

/* Begin PBXSourcesBuildPhase section */
		71ACEAC91B05F5AE0026B2E3 /* Sources */ = {
			isa = PBXSourcesBuildPhase;
			buildActionMask = 2147483647;
			files = (
				71ACEAD51B05F5AE0026B2E3 /* ViewController.swift in Sources */,
				71ACEAD31B05F5AE0026B2E3 /* AppDelegate.swift in Sources */,
			);
			runOnlyForDeploymentPostprocessing = 0;
		};
		71ACEADE1B05F5AE0026B2E3 /* Sources */ = {
			isa = PBXSourcesBuildPhase;
			buildActionMask = 2147483647;
			files = (
				71ACEAE91B05F5AE0026B2E3 /* laughbombclub_iOSTests.swift in Sources */,
			);
			runOnlyForDeploymentPostprocessing = 0;
		};
/* End PBXSourcesBuildPhase section */

/* Begin PBXTargetDependency section */
		71ACEAE41B05F5AE0026B2E3 /* PBXTargetDependency */ = {
			isa = PBXTargetDependency;
			target = 71ACEACC1B05F5AE0026B2E3 /* laughbombclub-iOS */;
			targetProxy = 71ACEAE31B05F5AE0026B2E3 /* PBXContainerItemProxy */;
		};
/* End PBXTargetDependency section */

/* Begin PBXVariantGroup section */
		71ACEAD61B05F5AE0026B2E3 /* Main.storyboard */ = {
			isa = PBXVariantGroup;
			children = (
				71ACEAD71B05F5AE0026B2E3 /* Base */,
			);
			name = Main.storyboard;
			sourceTree = "<group>";
		};
		71ACEADB1B05F5AE0026B2E3 /* LaunchScreen.xib */ = {
			isa = PBXVariantGroup;
			children = (
				71ACEADC1B05F5AE0026B2E3 /* Base */,
			);
			name = LaunchScreen.xib;
			sourceTree = "<group>";
		};
/* End PBXVariantGroup section */

/* Begin XCBuildConfiguration section */
		71ACEAEA1B05F5AE0026B2E3 /* Debug */ = {
			isa = XCBuildConfiguration;
			buildSettings = {
				ALWAYS_SEARCH_USER_PATHS = NO;
				CLANG_CXX_LANGUAGE_STANDARD = "gnu++0x";
				CLANG_CXX_LIBRARY = "libc++";
				CLANG_ENABLE_MODULES = YES;
				CLANG_ENABLE_OBJC_ARC = YES;
				CLANG_WARN_BOOL_CONVERSION = YES;
				CLANG_WARN_CONSTANT_CONVERSION = YES;
				CLANG_WARN_DIRECT_OBJC_ISA_USAGE = YES_ERROR;
				CLANG_WARN_EMPTY_BODY = YES;
				CLANG_WARN_ENUM_CONVERSION = YES;
				CLANG_WARN_INT_CONVERSION = YES;
				CLANG_WARN_OBJC_ROOT_CLASS = YES_ERROR;
				CLANG_WARN_UNREACHABLE_CODE = YES;
				CLANG_WARN__DUPLICATE_METHOD_MATCH = YES;
				"CODE_SIGN_IDENTITY[sdk=iphoneos*]" = "iPhone Developer";
				COPY_PHASE_STRIP = NO;
				DEBUG_INFORMATION_FORMAT = "dwarf-with-dsym";
				ENABLE_STRICT_OBJC_MSGSEND = YES;
				GCC_C_LANGUAGE_STANDARD = gnu99;
				GCC_DYNAMIC_NO_PIC = NO;
				GCC_NO_COMMON_BLOCKS = YES;
				GCC_OPTIMIZATION_LEVEL = 0;
				GCC_PREPROCESSOR_DEFINITIONS = (
					"DEBUG=1",
					"$(inherited)",
				);
				GCC_SYMBOLS_PRIVATE_EXTERN = NO;
				GCC_WARN_64_TO_32_BIT_CONVERSION = YES;
				GCC_WARN_ABOUT_RETURN_TYPE = YES_ERROR;
				GCC_WARN_UNDECLARED_SELECTOR = YES;
				GCC_WARN_UNINITIALIZED_AUTOS = YES_AGGRESSIVE;
				GCC_WARN_UNUSED_FUNCTION = YES;
				GCC_WARN_UNUSED_VARIABLE = YES;
				IPHONEOS_DEPLOYMENT_TARGET = 8.3;
				MTL_ENABLE_DEBUG_INFO = YES;
				ONLY_ACTIVE_ARCH = YES;
				SDKROOT = iphoneos;
				SWIFT_OPTIMIZATION_LEVEL = "-Onone";
			};
			name = Debug;
		};
		71ACEAEB1B05F5AE0026B2E3 /* Release */ = {
			isa = XCBuildConfiguration;
			buildSettings = {
				ALWAYS_SEARCH_USER_PATHS = NO;
				CLANG_CXX_LANGUAGE_STANDARD = "gnu++0x";
				CLANG_CXX_LIBRARY = "libc++";
				CLANG_ENABLE_MODULES = YES;
				CLANG_ENABLE_OBJC_ARC = YES;
				CLANG_WARN_BOOL_CONVERSION = YES;
				CLANG_WARN_CONSTANT_CONVERSION = YES;
				CLANG_WARN_DIRECT_OBJC_ISA_USAGE = YES_ERROR;
				CLANG_WARN_EMPTY_BODY = YES;
				CLANG_WARN_ENUM_CONVERSION = YES;
				CLANG_WARN_INT_CONVERSION = YES;
				CLANG_WARN_OBJC_ROOT_CLASS = YES_ERROR;
				CLANG_WARN_UNREACHABLE_CODE = YES;
				CLANG_WARN__DUPLICATE_METHOD_MATCH = YES;
				"CODE_SIGN_IDENTITY[sdk=iphoneos*]" = "iPhone Developer";
				COPY_PHASE_STRIP = NO;
				DEBUG_INFORMATION_FORMAT = "dwarf-with-dsym";
				ENABLE_NS_ASSERTIONS = NO;
				ENABLE_STRICT_OBJC_MSGSEND = YES;
				GCC_C_LANGUAGE_STANDARD = gnu99;
				GCC_NO_COMMON_BLOCKS = YES;
				GCC_WARN_64_TO_32_BIT_CONVERSION = YES;
				GCC_WARN_ABOUT_RETURN_TYPE = YES_ERROR;
				GCC_WARN_UNDECLARED_SELECTOR = YES;
				GCC_WARN_UNINITIALIZED_AUTOS = YES_AGGRESSIVE;
				GCC_WARN_UNUSED_FUNCTION = YES;
				GCC_WARN_UNUSED_VARIABLE = YES;
				IPHONEOS_DEPLOYMENT_TARGET = 8.3;
				MTL_ENABLE_DEBUG_INFO = NO;
				SDKROOT = iphoneos;
				VALIDATE_PRODUCT = YES;
			};
			name = Release;
		};
		71ACEAED1B05F5AE0026B2E3 /* Debug */ = {
			isa = XCBuildConfiguration;
			buildSettings = {
				ASSETCATALOG_COMPILER_APPICON_NAME = AppIcon;
				INFOPLIST_FILE = "laughbombclub-iOS/Info.plist";
				LD_RUNPATH_SEARCH_PATHS = "$(inherited) @executable_path/Frameworks";
				PRODUCT_NAME = "$(TARGET_NAME)";
			};
			name = Debug;
		};
		71ACEAEE1B05F5AE0026B2E3 /* Release */ = {
			isa = XCBuildConfiguration;
			buildSettings = {
				ASSETCATALOG_COMPILER_APPICON_NAME = AppIcon;
				INFOPLIST_FILE = "laughbombclub-iOS/Info.plist";
				LD_RUNPATH_SEARCH_PATHS = "$(inherited) @executable_path/Frameworks";
				PRODUCT_NAME = "$(TARGET_NAME)";
			};
			name = Release;
		};
		71ACEAF01B05F5AE0026B2E3 /* Debug */ = {
			isa = XCBuildConfiguration;
			buildSettings = {
				BUNDLE_LOADER = "$(TEST_HOST)";
				FRAMEWORK_SEARCH_PATHS = (
					"$(SDKROOT)/Developer/Library/Frameworks",
					"$(inherited)",
				);
				GCC_PREPROCESSOR_DEFINITIONS = (
					"DEBUG=1",
					"$(inherited)",
				);
				INFOPLIST_FILE = "laughbombclub-iOSTests/Info.plist";
				LD_RUNPATH_SEARCH_PATHS = "$(inherited) @executable_path/Frameworks @loader_path/Frameworks";
				PRODUCT_NAME = "$(TARGET_NAME)";
				TEST_HOST = "$(BUILT_PRODUCTS_DIR)/laughbombclub-iOS.app/laughbombclub-iOS";
			};
			name = Debug;
		};
		71ACEAF11B05F5AE0026B2E3 /* Release */ = {
			isa = XCBuildConfiguration;
			buildSettings = {
				BUNDLE_LOADER = "$(TEST_HOST)";
				FRAMEWORK_SEARCH_PATHS = (
					"$(SDKROOT)/Developer/Library/Frameworks",
					"$(inherited)",
				);
				INFOPLIST_FILE = "laughbombclub-iOSTests/Info.plist";
				LD_RUNPATH_SEARCH_PATHS = "$(inherited) @executable_path/Frameworks @loader_path/Frameworks";
				PRODUCT_NAME = "$(TARGET_NAME)";
				TEST_HOST = "$(BUILT_PRODUCTS_DIR)/laughbombclub-iOS.app/laughbombclub-iOS";
			};
			name = Release;
		};
/* End XCBuildConfiguration section */

/* Begin XCConfigurationList section */
		71ACEAC81B05F5AE0026B2E3 /* Build configuration list for PBXProject "laughbombclub-iOS" */ = {
			isa = XCConfigurationList;
			buildConfigurations = (
				71ACEAEA1B05F5AE0026B2E3 /* Debug */,
				71ACEAEB1B05F5AE0026B2E3 /* Release */,
			);
			defaultConfigurationIsVisible = 0;
			defaultConfigurationName = Release;
		};
		71ACEAEC1B05F5AE0026B2E3 /* Build configuration list for PBXNativeTarget "laughbombclub-iOS" */ = {
			isa = XCConfigurationList;
			buildConfigurations = (
				71ACEAED1B05F5AE0026B2E3 /* Debug */,
				71ACEAEE1B05F5AE0026B2E3 /* Release */,
			);
			defaultConfigurationIsVisible = 0;
		};
		71ACEAEF1B05F5AE0026B2E3 /* Build configuration list for PBXNativeTarget "laughbombclub-iOSTests" */ = {
			isa = XCConfigurationList;
			buildConfigurations = (
				71ACEAF01B05F5AE0026B2E3 /* Debug */,
				71ACEAF11B05F5AE0026B2E3 /* Release */,
			);
			defaultConfigurationIsVisible = 0;
		};
/* End XCConfigurationList section */
	};
	rootObject = 71ACEAC51B05F5AE0026B2E3 /* Project object */;
}
